
Microsoft Visual Studio Solution File, Format Version 11.00
# Visual Studio 2010
Project("{FAE04EC0-301F-11D3-BF4B-00C04F79EFBC}") = "Unity_with_Grab(Tina)", "Assembly-CSharp-firstpass.csproj", "{43E9D524-16AF-EBED-61E1-AB5AB13702FF}"
EndProject
Project("{FAE04EC0-301F-11D3-BF4B-00C04F79EFBC}") = "Unity_with_Grab(Tina)", "Assembly-CSharp.csproj", "{BC305FE7-B018-9FD4-1353-6813BC83BDC5}"
EndProject
Project("{FAE04EC0-301F-11D3-BF4B-00C04F79EFBC}") = "Unity_with_Grab(Tina)", "Assembly-CSharp-Editor-firstpass.csproj", "{C07BFF49-A72D-8678-45A4-340AA5525876}"
EndProject
Global
	GlobalSection(SolutionConfigurationPlatforms) = preSolution
		Debug|Any CPU = Debug|Any CPU
		Release|Any CPU = Release|Any CPU
	EndGlobalSection
	GlobalSection(ProjectConfigurationPlatforms) = postSolution
		{43E9D524-16AF-EBED-61E1-AB5AB13702FF}.Debug|Any CPU.ActiveCfg = Debug|Any CPU
		{43E9D524-16AF-EBED-61E1-AB5AB13702FF}.Debug|Any CPU.Build.0 = Debug|Any CPU
		{43E9D524-16AF-EBED-61E1-AB5AB13702FF}.Release|Any CPU.ActiveCfg = Release|Any CPU
		{43E9D524-16AF-EBED-61E1-AB5AB13702FF}.Release|Any CPU.Build.0 = Release|Any CPU
		{BC305FE7-B018-9FD4-1353-6813BC83BDC5}.Debug|Any CPU.ActiveCfg = Debug|Any CPU
		{BC305FE7-B018-9FD4-1353-6813BC83BDC5}.Debug|Any CPU.Build.0 = Debug|Any CPU
		{BC305FE7-B018-9FD4-1353-6813BC83BDC5}.Release|Any CPU.ActiveCfg = Release|Any CPU
		{BC305FE7-B018-9FD4-1353-6813BC83BDC5}.Release|Any CPU.Build.0 = Release|Any CPU
		{C07BFF49-A72D-8678-45A4-340AA5525876}.Debug|Any CPU.ActiveCfg = Debug|Any CPU
		{C07BFF49-A72D-8678-45A4-340AA5525876}.Debug|Any CPU.Build.0 = Debug|Any CPU
		{C07BFF49-A72D-8678-45A4-340AA5525876}.Release|Any CPU.ActiveCfg = Release|Any CPU
		{C07BFF49-A72D-8678-45A4-340AA5525876}.Release|Any CPU.Build.0 = Release|Any CPU
	EndGlobalSection
	GlobalSection(SolutionProperties) = preSolution
		HideSolutionNode = FALSE
	EndGlobalSection
	GlobalSection(MonoDevelopProperties) = preSolution
		StartupItem = Assembly-CSharp.csproj
	EndGlobalSection
EndGlobal
